// !$*UTF8*$!
{
	archiveVersion = 1;
	classes = {
	};
	objectVersion = 56;
	objects = {

/* Begin PBXBuildFile section */
		440AD9A72B0B4B1000B5B5CA /* ShoppingList.swift in Sources */ = {isa = PBXBuildFile; fileRef = 440AD9A62B0B4B1000B5B5CA /* ShoppingList.swift */; };
		440AD9A92B0B572D00B5B5CA /* ShoppingListView.swift in Sources */ = {isa = PBXBuildFile; fileRef = 440AD9A82B0B572D00B5B5CA /* ShoppingListView.swift */; };
		4419A5BA2AEF961200BB5115 /* Indkob2GoApp.swift in Sources */ = {isa = PBXBuildFile; fileRef = 4419A5B92AEF961200BB5115 /* Indkob2GoApp.swift */; };
		4419A5BC2AEF961200BB5115 /* LoginView.swift in Sources */ = {isa = PBXBuildFile; fileRef = 4419A5BB2AEF961200BB5115 /* LoginView.swift */; };
		4419A5BE2AEF961300BB5115 /* Assets.xcassets in Resources */ = {isa = PBXBuildFile; fileRef = 4419A5BD2AEF961300BB5115 /* Assets.xcassets */; };
		4419A5C12AEF961300BB5115 /* Preview Assets.xcassets in Resources */ = {isa = PBXBuildFile; fileRef = 4419A5C02AEF961300BB5115 /* Preview Assets.xcassets */; };
		4419A5C92AEF986600BB5115 /* FirebaseAnalytics in Frameworks */ = {isa = PBXBuildFile; productRef = 4419A5C82AEF986600BB5115 /* FirebaseAnalytics */; };
		4419A5CB2AEF986600BB5115 /* FirebaseAnalyticsOnDeviceConversion in Frameworks */ = {isa = PBXBuildFile; productRef = 4419A5CA2AEF986600BB5115 /* FirebaseAnalyticsOnDeviceConversion */; };
		4419A5CD2AEF986600BB5115 /* FirebaseAnalyticsSwift in Frameworks */ = {isa = PBXBuildFile; productRef = 4419A5CC2AEF986600BB5115 /* FirebaseAnalyticsSwift */; };
		4419A5CF2AEF986600BB5115 /* FirebaseAnalyticsWithoutAdIdSupport in Frameworks */ = {isa = PBXBuildFile; productRef = 4419A5CE2AEF986600BB5115 /* FirebaseAnalyticsWithoutAdIdSupport */; };
		4419A5D12AEF986600BB5115 /* FirebaseAppCheck in Frameworks */ = {isa = PBXBuildFile; productRef = 4419A5D02AEF986600BB5115 /* FirebaseAppCheck */; };
		4419A5D32AEF986600BB5115 /* FirebaseAppDistribution-Beta in Frameworks */ = {isa = PBXBuildFile; productRef = 4419A5D22AEF986600BB5115 /* FirebaseAppDistribution-Beta */; };
		4419A5D52AEF986600BB5115 /* FirebaseAuth in Frameworks */ = {isa = PBXBuildFile; productRef = 4419A5D42AEF986600BB5115 /* FirebaseAuth */; };
		4419A5D72AEF986600BB5115 /* FirebaseAuthCombine-Community in Frameworks */ = {isa = PBXBuildFile; productRef = 4419A5D62AEF986600BB5115 /* FirebaseAuthCombine-Community */; };
		4419A5D92AEF986600BB5115 /* FirebaseCrashlytics in Frameworks */ = {isa = PBXBuildFile; productRef = 4419A5D82AEF986600BB5115 /* FirebaseCrashlytics */; };
		4419A5DB2AEF986600BB5115 /* FirebaseDatabase in Frameworks */ = {isa = PBXBuildFile; productRef = 4419A5DA2AEF986600BB5115 /* FirebaseDatabase */; };
		4419A5DD2AEF986600BB5115 /* FirebaseDatabaseSwift in Frameworks */ = {isa = PBXBuildFile; productRef = 4419A5DC2AEF986600BB5115 /* FirebaseDatabaseSwift */; };
		4419A5DF2AEF986600BB5115 /* FirebaseDynamicLinks in Frameworks */ = {isa = PBXBuildFile; productRef = 4419A5DE2AEF986600BB5115 /* FirebaseDynamicLinks */; };
		4419A5E12AEF986600BB5115 /* FirebaseFirestore in Frameworks */ = {isa = PBXBuildFile; productRef = 4419A5E02AEF986600BB5115 /* FirebaseFirestore */; };
		4419A5E32AEF986600BB5115 /* FirebaseFirestoreCombine-Community in Frameworks */ = {isa = PBXBuildFile; productRef = 4419A5E22AEF986600BB5115 /* FirebaseFirestoreCombine-Community */; };
		4419A5E52AEF986600BB5115 /* FirebaseFirestoreSwift in Frameworks */ = {isa = PBXBuildFile; productRef = 4419A5E42AEF986600BB5115 /* FirebaseFirestoreSwift */; };
		4419A5E72AEF986600BB5115 /* FirebaseFunctions in Frameworks */ = {isa = PBXBuildFile; productRef = 4419A5E62AEF986600BB5115 /* FirebaseFunctions */; };
		4419A5E92AEF986600BB5115 /* FirebaseFunctionsCombine-Community in Frameworks */ = {isa = PBXBuildFile; productRef = 4419A5E82AEF986600BB5115 /* FirebaseFunctionsCombine-Community */; };
		4419A5EB2AEF986600BB5115 /* FirebaseInAppMessaging-Beta in Frameworks */ = {isa = PBXBuildFile; productRef = 4419A5EA2AEF986600BB5115 /* FirebaseInAppMessaging-Beta */; };
		4419A5ED2AEF986600BB5115 /* FirebaseInAppMessagingSwift-Beta in Frameworks */ = {isa = PBXBuildFile; productRef = 4419A5EC2AEF986600BB5115 /* FirebaseInAppMessagingSwift-Beta */; };
		4419A5EF2AEF986600BB5115 /* FirebaseInstallations in Frameworks */ = {isa = PBXBuildFile; productRef = 4419A5EE2AEF986600BB5115 /* FirebaseInstallations */; };
		4419A5F12AEF986600BB5115 /* FirebaseMLModelDownloader in Frameworks */ = {isa = PBXBuildFile; productRef = 4419A5F02AEF986600BB5115 /* FirebaseMLModelDownloader */; };
		4419A5F32AEF986600BB5115 /* FirebaseMessaging in Frameworks */ = {isa = PBXBuildFile; productRef = 4419A5F22AEF986600BB5115 /* FirebaseMessaging */; };
		4419A5F52AEF986600BB5115 /* FirebasePerformance in Frameworks */ = {isa = PBXBuildFile; productRef = 4419A5F42AEF986600BB5115 /* FirebasePerformance */; };
		4419A5F72AEF986600BB5115 /* FirebaseRemoteConfig in Frameworks */ = {isa = PBXBuildFile; productRef = 4419A5F62AEF986600BB5115 /* FirebaseRemoteConfig */; };
		4419A5F92AEF986600BB5115 /* FirebaseRemoteConfigSwift in Frameworks */ = {isa = PBXBuildFile; productRef = 4419A5F82AEF986600BB5115 /* FirebaseRemoteConfigSwift */; };
		4419A5FB2AEF986600BB5115 /* FirebaseStorage in Frameworks */ = {isa = PBXBuildFile; productRef = 4419A5FA2AEF986600BB5115 /* FirebaseStorage */; };
		4419A5FD2AEF986600BB5115 /* FirebaseStorageCombine-Community in Frameworks */ = {isa = PBXBuildFile; productRef = 4419A5FC2AEF986600BB5115 /* FirebaseStorageCombine-Community */; };
		4419A5FF2AEF9A6800BB5115 /* GoogleService-Info.plist in Resources */ = {isa = PBXBuildFile; fileRef = 4419A5FE2AEF9A6800BB5115 /* GoogleService-Info.plist */; };
		4419A6012AEFA7C200BB5115 /* AuthStateController.swift in Sources */ = {isa = PBXBuildFile; fileRef = 4419A6002AEFA7C200BB5115 /* AuthStateController.swift */; };
		443203BB2AFA2B3800DE64D9 /* AddItemView.swift in Sources */ = {isa = PBXBuildFile; fileRef = 443203BA2AFA2B3800DE64D9 /* AddItemView.swift */; };
		443D90872AF0DEF8001313AE /* InputView.swift in Sources */ = {isa = PBXBuildFile; fileRef = 443D90862AF0DEF8001313AE /* InputView.swift */; };
		443D90892AF0E8C1001313AE /* RegistrationView.swift in Sources */ = {isa = PBXBuildFile; fileRef = 443D90882AF0E8C1001313AE /* RegistrationView.swift */; };
		443D908B2AF0ED78001313AE /* ProfileView.swift in Sources */ = {isa = PBXBuildFile; fileRef = 443D908A2AF0ED78001313AE /* ProfileView.swift */; };
		443D90902AF0EF3B001313AE /* SettingsRowView.swift in Sources */ = {isa = PBXBuildFile; fileRef = 443D908F2AF0EF3B001313AE /* SettingsRowView.swift */; };
		444531C12AF393CD0095D644 /* User.swift in Sources */ = {isa = PBXBuildFile; fileRef = 444531C02AF393CD0095D644 /* User.swift */; };
		444531C32AF3A5220095D644 /* FrontpageView.swift in Sources */ = {isa = PBXBuildFile; fileRef = 444531C22AF3A5220095D644 /* FrontpageView.swift */; };
		445FC0372AF8DA3E00304272 /* Item.swift in Sources */ = {isa = PBXBuildFile; fileRef = 445FC0362AF8DA3E00304272 /* Item.swift */; };
		445FC0392AF8DB6000304272 /* ShoppingListItemView.swift in Sources */ = {isa = PBXBuildFile; fileRef = 445FC0382AF8DB6000304272 /* ShoppingListItemView.swift */; };
		445FC03C2AF8DCB800304272 /* ShoppingListsController.swift in Sources */ = {isa = PBXBuildFile; fileRef = 445FC03B2AF8DCB800304272 /* ShoppingListsController.swift */; };
/* End PBXBuildFile section */

/* Begin PBXFileReference section */
		440AD9A62B0B4B1000B5B5CA /* ShoppingList.swift */ = {isa = PBXFileReference; lastKnownFileType = sourcecode.swift; path = ShoppingList.swift; sourceTree = "<group>"; };
		440AD9A82B0B572D00B5B5CA /* ShoppingListView.swift */ = {isa = PBXFileReference; lastKnownFileType = sourcecode.swift; path = ShoppingListView.swift; sourceTree = "<group>"; };
		4419A5B62AEF961200BB5115 /* Indkob2Go.app */ = {isa = PBXFileReference; explicitFileType = wrapper.application; includeInIndex = 0; path = Indkob2Go.app; sourceTree = BUILT_PRODUCTS_DIR; };
		4419A5B92AEF961200BB5115 /* Indkob2GoApp.swift */ = {isa = PBXFileReference; lastKnownFileType = sourcecode.swift; path = Indkob2GoApp.swift; sourceTree = "<group>"; };
		4419A5BB2AEF961200BB5115 /* LoginView.swift */ = {isa = PBXFileReference; lastKnownFileType = sourcecode.swift; path = LoginView.swift; sourceTree = "<group>"; };
		4419A5BD2AEF961300BB5115 /* Assets.xcassets */ = {isa = PBXFileReference; lastKnownFileType = folder.assetcatalog; path = Assets.xcassets; sourceTree = "<group>"; };
		4419A5C02AEF961300BB5115 /* Preview Assets.xcassets */ = {isa = PBXFileReference; lastKnownFileType = folder.assetcatalog; path = "Preview Assets.xcassets"; sourceTree = "<group>"; };
		4419A5FE2AEF9A6800BB5115 /* GoogleService-Info.plist */ = {isa = PBXFileReference; fileEncoding = 4; lastKnownFileType = text.plist.xml; path = "GoogleService-Info.plist"; sourceTree = "<group>"; };
		4419A6002AEFA7C200BB5115 /* AuthStateController.swift */ = {isa = PBXFileReference; lastKnownFileType = sourcecode.swift; path = AuthStateController.swift; sourceTree = "<group>"; };
		443203BA2AFA2B3800DE64D9 /* AddItemView.swift */ = {isa = PBXFileReference; lastKnownFileType = sourcecode.swift; path = AddItemView.swift; sourceTree = "<group>"; };
		443D90862AF0DEF8001313AE /* InputView.swift */ = {isa = PBXFileReference; lastKnownFileType = sourcecode.swift; path = InputView.swift; sourceTree = "<group>"; };
		443D90882AF0E8C1001313AE /* RegistrationView.swift */ = {isa = PBXFileReference; lastKnownFileType = sourcecode.swift; path = RegistrationView.swift; sourceTree = "<group>"; };
		443D908A2AF0ED78001313AE /* ProfileView.swift */ = {isa = PBXFileReference; lastKnownFileType = sourcecode.swift; path = ProfileView.swift; sourceTree = "<group>"; };
		443D908F2AF0EF3B001313AE /* SettingsRowView.swift */ = {isa = PBXFileReference; lastKnownFileType = sourcecode.swift; path = SettingsRowView.swift; sourceTree = "<group>"; };
		444531C02AF393CD0095D644 /* User.swift */ = {isa = PBXFileReference; lastKnownFileType = sourcecode.swift; path = User.swift; sourceTree = "<group>"; };
		444531C22AF3A5220095D644 /* FrontpageView.swift */ = {isa = PBXFileReference; lastKnownFileType = sourcecode.swift; path = FrontpageView.swift; sourceTree = "<group>"; };
		445FC0362AF8DA3E00304272 /* Item.swift */ = {isa = PBXFileReference; lastKnownFileType = sourcecode.swift; path = Item.swift; sourceTree = "<group>"; };
		445FC0382AF8DB6000304272 /* ShoppingListItemView.swift */ = {isa = PBXFileReference; lastKnownFileType = sourcecode.swift; path = ShoppingListItemView.swift; sourceTree = "<group>"; };
		445FC03B2AF8DCB800304272 /* ShoppingListsController.swift */ = {isa = PBXFileReference; lastKnownFileType = sourcecode.swift; path = ShoppingListsController.swift; sourceTree = "<group>"; };
/* End PBXFileReference section */

/* Begin PBXFrameworksBuildPhase section */
		4419A5B32AEF961200BB5115 /* Frameworks */ = {
			isa = PBXFrameworksBuildPhase;
			buildActionMask = 2147483647;
			files = (
				4419A5DB2AEF986600BB5115 /* FirebaseDatabase in Frameworks */,
				4419A5E92AEF986600BB5115 /* FirebaseFunctionsCombine-Community in Frameworks */,
				4419A5E12AEF986600BB5115 /* FirebaseFirestore in Frameworks */,
				4419A5CD2AEF986600BB5115 /* FirebaseAnalyticsSwift in Frameworks */,
				4419A5C92AEF986600BB5115 /* FirebaseAnalytics in Frameworks */,
				4419A5CB2AEF986600BB5115 /* FirebaseAnalyticsOnDeviceConversion in Frameworks */,
				4419A5F12AEF986600BB5115 /* FirebaseMLModelDownloader in Frameworks */,
				4419A5E52AEF986600BB5115 /* FirebaseFirestoreSwift in Frameworks */,
				4419A5D12AEF986600BB5115 /* FirebaseAppCheck in Frameworks */,
				4419A5CF2AEF986600BB5115 /* FirebaseAnalyticsWithoutAdIdSupport in Frameworks */,
				4419A5D52AEF986600BB5115 /* FirebaseAuth in Frameworks */,
				4419A5D92AEF986600BB5115 /* FirebaseCrashlytics in Frameworks */,
				4419A5F92AEF986600BB5115 /* FirebaseRemoteConfigSwift in Frameworks */,
				4419A5EB2AEF986600BB5115 /* FirebaseInAppMessaging-Beta in Frameworks */,
				4419A5DD2AEF986600BB5115 /* FirebaseDatabaseSwift in Frameworks */,
				4419A5E72AEF986600BB5115 /* FirebaseFunctions in Frameworks */,
				4419A5FD2AEF986600BB5115 /* FirebaseStorageCombine-Community in Frameworks */,
				4419A5F72AEF986600BB5115 /* FirebaseRemoteConfig in Frameworks */,
				4419A5D32AEF986600BB5115 /* FirebaseAppDistribution-Beta in Frameworks */,
				4419A5D72AEF986600BB5115 /* FirebaseAuthCombine-Community in Frameworks */,
				4419A5F52AEF986600BB5115 /* FirebasePerformance in Frameworks */,
				4419A5ED2AEF986600BB5115 /* FirebaseInAppMessagingSwift-Beta in Frameworks */,
				4419A5FB2AEF986600BB5115 /* FirebaseStorage in Frameworks */,
				4419A5DF2AEF986600BB5115 /* FirebaseDynamicLinks in Frameworks */,
				4419A5E32AEF986600BB5115 /* FirebaseFirestoreCombine-Community in Frameworks */,
				4419A5F32AEF986600BB5115 /* FirebaseMessaging in Frameworks */,
				4419A5EF2AEF986600BB5115 /* FirebaseInstallations in Frameworks */,
			);
			runOnlyForDeploymentPostprocessing = 0;
		};
/* End PBXFrameworksBuildPhase section */

/* Begin PBXGroup section */
		4419A5AD2AEF961200BB5115 = {
			isa = PBXGroup;
			children = (
				4419A5B82AEF961200BB5115 /* Indkob2Go */,
				4419A5B72AEF961200BB5115 /* Products */,
			);
			sourceTree = "<group>";
		};
		4419A5B72AEF961200BB5115 /* Products */ = {
			isa = PBXGroup;
			children = (
				4419A5B62AEF961200BB5115 /* Indkob2Go.app */,
			);
			name = Products;
			sourceTree = "<group>";
		};
		4419A5B82AEF961200BB5115 /* Indkob2Go */ = {
			isa = PBXGroup;
			children = (
				4419A5FE2AEF9A6800BB5115 /* GoogleService-Info.plist */,
				4419A5B92AEF961200BB5115 /* Indkob2GoApp.swift */,
				444531C22AF3A5220095D644 /* FrontpageView.swift */,
				4419A6002AEFA7C200BB5115 /* AuthStateController.swift */,
				445FC03B2AF8DCB800304272 /* ShoppingListsController.swift */,
				443D908D2AF0EECF001313AE /* Authentication */,
				443D908E2AF0EF15001313AE /* Profile */,
				445FC03A2AF8DB7D00304272 /* ShoppingList */,
				443D90912AF10A76001313AE /* Model */,
				443D908C2AF0EEC2001313AE /* Components */,
				4419A5BD2AEF961300BB5115 /* Assets.xcassets */,
				4419A5BF2AEF961300BB5115 /* Preview Content */,
			);
			path = Indkob2Go;
			sourceTree = "<group>";
		};
		4419A5BF2AEF961300BB5115 /* Preview Content */ = {
			isa = PBXGroup;
			children = (
				4419A5C02AEF961300BB5115 /* Preview Assets.xcassets */,
			);
			path = "Preview Content";
			sourceTree = "<group>";
		};
		443D908C2AF0EEC2001313AE /* Components */ = {
			isa = PBXGroup;
			children = (
				443D90862AF0DEF8001313AE /* InputView.swift */,
				443D908F2AF0EF3B001313AE /* SettingsRowView.swift */,
			);
			path = Components;
			sourceTree = "<group>";
		};
		443D908D2AF0EECF001313AE /* Authentication */ = {
			isa = PBXGroup;
			children = (
				443D90882AF0E8C1001313AE /* RegistrationView.swift */,
				4419A5BB2AEF961200BB5115 /* LoginView.swift */,
			);
			path = Authentication;
			sourceTree = "<group>";
		};
		443D908E2AF0EF15001313AE /* Profile */ = {
			isa = PBXGroup;
			children = (
				443D908A2AF0ED78001313AE /* ProfileView.swift */,
			);
			path = Profile;
			sourceTree = "<group>";
		};
		443D90912AF10A76001313AE /* Model */ = {
			isa = PBXGroup;
			children = (
				444531C02AF393CD0095D644 /* User.swift */,
				445FC0362AF8DA3E00304272 /* Item.swift */,
				440AD9A62B0B4B1000B5B5CA /* ShoppingList.swift */,
			);
			path = Model;
			sourceTree = "<group>";
		};
		445FC03A2AF8DB7D00304272 /* ShoppingList */ = {
			isa = PBXGroup;
			children = (
				445FC0382AF8DB6000304272 /* ShoppingListItemView.swift */,
				443203BA2AFA2B3800DE64D9 /* AddItemView.swift */,
				440AD9A82B0B572D00B5B5CA /* ShoppingListView.swift */,
			);
			path = ShoppingList;
			sourceTree = "<group>";
		};
/* End PBXGroup section */

/* Begin PBXNativeTarget section */
		4419A5B52AEF961200BB5115 /* Indkob2Go */ = {
			isa = PBXNativeTarget;
			buildConfigurationList = 4419A5C42AEF961300BB5115 /* Build configuration list for PBXNativeTarget "Indkob2Go" */;
			buildPhases = (
				4419A5B22AEF961200BB5115 /* Sources */,
				4419A5B32AEF961200BB5115 /* Frameworks */,
				4419A5B42AEF961200BB5115 /* Resources */,
			);
			buildRules = (
			);
			dependencies = (
			);
			name = Indkob2Go;
			packageProductDependencies = (
				4419A5C82AEF986600BB5115 /* FirebaseAnalytics */,
				4419A5CA2AEF986600BB5115 /* FirebaseAnalyticsOnDeviceConversion */,
				4419A5CC2AEF986600BB5115 /* FirebaseAnalyticsSwift */,
				4419A5CE2AEF986600BB5115 /* FirebaseAnalyticsWithoutAdIdSupport */,
				4419A5D02AEF986600BB5115 /* FirebaseAppCheck */,
				4419A5D22AEF986600BB5115 /* FirebaseAppDistribution-Beta */,
				4419A5D42AEF986600BB5115 /* FirebaseAuth */,
				4419A5D62AEF986600BB5115 /* FirebaseAuthCombine-Community */,
				4419A5D82AEF986600BB5115 /* FirebaseCrashlytics */,
				4419A5DA2AEF986600BB5115 /* FirebaseDatabase */,
				4419A5DC2AEF986600BB5115 /* FirebaseDatabaseSwift */,
				4419A5DE2AEF986600BB5115 /* FirebaseDynamicLinks */,
				4419A5E02AEF986600BB5115 /* FirebaseFirestore */,
				4419A5E22AEF986600BB5115 /* FirebaseFirestoreCombine-Community */,
				4419A5E42AEF986600BB5115 /* FirebaseFirestoreSwift */,
				4419A5E62AEF986600BB5115 /* FirebaseFunctions */,
				4419A5E82AEF986600BB5115 /* FirebaseFunctionsCombine-Community */,
				4419A5EA2AEF986600BB5115 /* FirebaseInAppMessaging-Beta */,
				4419A5EC2AEF986600BB5115 /* FirebaseInAppMessagingSwift-Beta */,
				4419A5EE2AEF986600BB5115 /* FirebaseInstallations */,
				4419A5F02AEF986600BB5115 /* FirebaseMLModelDownloader */,
				4419A5F22AEF986600BB5115 /* FirebaseMessaging */,
				4419A5F42AEF986600BB5115 /* FirebasePerformance */,
				4419A5F62AEF986600BB5115 /* FirebaseRemoteConfig */,
				4419A5F82AEF986600BB5115 /* FirebaseRemoteConfigSwift */,
				4419A5FA2AEF986600BB5115 /* FirebaseStorage */,
				4419A5FC2AEF986600BB5115 /* FirebaseStorageCombine-Community */,
			);
			productName = Indkob2Go;
			productReference = 4419A5B62AEF961200BB5115 /* Indkob2Go.app */;
			productType = "com.apple.product-type.application";
		};
/* End PBXNativeTarget section */

/* Begin PBXProject section */
		4419A5AE2AEF961200BB5115 /* Project object */ = {
			isa = PBXProject;
			attributes = {
				BuildIndependentTargetsInParallel = 1;
				LastSwiftUpdateCheck = 1500;
				LastUpgradeCheck = 1500;
				TargetAttributes = {
					4419A5B52AEF961200BB5115 = {
						CreatedOnToolsVersion = 15.0.1;
					};
				};
			};
			buildConfigurationList = 4419A5B12AEF961200BB5115 /* Build configuration list for PBXProject "Indkob2Go" */;
			compatibilityVersion = "Xcode 14.0";
			developmentRegion = en;
			hasScannedForEncodings = 0;
			knownRegions = (
				en,
				Base,
			);
			mainGroup = 4419A5AD2AEF961200BB5115;
			packageReferences = (
				4419A5C72AEF986600BB5115 /* XCRemoteSwiftPackageReference "firebase-ios-sdk" */,
			);
			productRefGroup = 4419A5B72AEF961200BB5115 /* Products */;
			projectDirPath = "";
			projectRoot = "";
			targets = (
				4419A5B52AEF961200BB5115 /* Indkob2Go */,
			);
		};
/* End PBXProject section */

/* Begin PBXResourcesBuildPhase section */
		4419A5B42AEF961200BB5115 /* Resources */ = {
			isa = PBXResourcesBuildPhase;
			buildActionMask = 2147483647;
			files = (
				4419A5C12AEF961300BB5115 /* Preview Assets.xcassets in Resources */,
				4419A5BE2AEF961300BB5115 /* Assets.xcassets in Resources */,
				4419A5FF2AEF9A6800BB5115 /* GoogleService-Info.plist in Resources */,
			);
			runOnlyForDeploymentPostprocessing = 0;
		};
/* End PBXResourcesBuildPhase section */

/* Begin PBXSourcesBuildPhase section */
		4419A5B22AEF961200BB5115 /* Sources */ = {
			isa = PBXSourcesBuildPhase;
			buildActionMask = 2147483647;
			files = (
				445FC0372AF8DA3E00304272 /* Item.swift in Sources */,
				445FC0392AF8DB6000304272 /* ShoppingListItemView.swift in Sources */,
				4419A5BC2AEF961200BB5115 /* LoginView.swift in Sources */,
				445FC03C2AF8DCB800304272 /* ShoppingListsController.swift in Sources */,
				443203BB2AFA2B3800DE64D9 /* AddItemView.swift in Sources */,
				443D90892AF0E8C1001313AE /* RegistrationView.swift in Sources */,
				443D90872AF0DEF8001313AE /* InputView.swift in Sources */,
				4419A6012AEFA7C200BB5115 /* AuthStateController.swift in Sources */,
				444531C12AF393CD0095D644 /* User.swift in Sources */,
				440AD9A92B0B572D00B5B5CA /* ShoppingListView.swift in Sources */,
				440AD9A72B0B4B1000B5B5CA /* ShoppingList.swift in Sources */,
				443D908B2AF0ED78001313AE /* ProfileView.swift in Sources */,
				444531C32AF3A5220095D644 /* FrontpageView.swift in Sources */,
				4419A5BA2AEF961200BB5115 /* Indkob2GoApp.swift in Sources */,
				443D90902AF0EF3B001313AE /* SettingsRowView.swift in Sources */,
			);
			runOnlyForDeploymentPostprocessing = 0;
		};
/* End PBXSourcesBuildPhase section */

/* Begin XCBuildConfiguration section */
		4419A5C22AEF961300BB5115 /* Debug */ = {
			isa = XCBuildConfiguration;
			buildSettings = {
				ALWAYS_SEARCH_USER_PATHS = NO;
				ASSETCATALOG_COMPILER_GENERATE_SWIFT_ASSET_SYMBOL_EXTENSIONS = YES;
				CLANG_ANALYZER_NONNULL = YES;
				CLANG_ANALYZER_NUMBER_OBJECT_CONVERSION = YES_AGGRESSIVE;
				CLANG_CXX_LANGUAGE_STANDARD = "gnu++20";
				CLANG_ENABLE_MODULES = YES;
				CLANG_ENABLE_OBJC_ARC = YES;
				CLANG_ENABLE_OBJC_WEAK = YES;
				CLANG_WARN_BLOCK_CAPTURE_AUTORELEASING = YES;
				CLANG_WARN_BOOL_CONVERSION = YES;
				CLANG_WARN_COMMA = YES;
				CLANG_WARN_CONSTANT_CONVERSION = YES;
				CLANG_WARN_DEPRECATED_OBJC_IMPLEMENTATIONS = YES;
				CLANG_WARN_DIRECT_OBJC_ISA_USAGE = YES_ERROR;
				CLANG_WARN_DOCUMENTATION_COMMENTS = YES;
				CLANG_WARN_EMPTY_BODY = YES;
				CLANG_WARN_ENUM_CONVERSION = YES;
				CLANG_WARN_INFINITE_RECURSION = YES;
				CLANG_WARN_INT_CONVERSION = YES;
				CLANG_WARN_NON_LITERAL_NULL_CONVERSION = YES;
				CLANG_WARN_OBJC_IMPLICIT_RETAIN_SELF = YES;
				CLANG_WARN_OBJC_LITERAL_CONVERSION = YES;
				CLANG_WARN_OBJC_ROOT_CLASS = YES_ERROR;
				CLANG_WARN_QUOTED_INCLUDE_IN_FRAMEWORK_HEADER = YES;
				CLANG_WARN_RANGE_LOOP_ANALYSIS = YES;
				CLANG_WARN_STRICT_PROTOTYPES = YES;
				CLANG_WARN_SUSPICIOUS_MOVE = YES;
				CLANG_WARN_UNGUARDED_AVAILABILITY = YES_AGGRESSIVE;
				CLANG_WARN_UNREACHABLE_CODE = YES;
				CLANG_WARN__DUPLICATE_METHOD_MATCH = YES;
				COPY_PHASE_STRIP = NO;
				DEBUG_INFORMATION_FORMAT = dwarf;
				ENABLE_STRICT_OBJC_MSGSEND = YES;
				ENABLE_TESTABILITY = YES;
				ENABLE_USER_SCRIPT_SANDBOXING = YES;
				GCC_C_LANGUAGE_STANDARD = gnu17;
				GCC_DYNAMIC_NO_PIC = NO;
				GCC_NO_COMMON_BLOCKS = YES;
				GCC_OPTIMIZATION_LEVEL = 0;
				GCC_PREPROCESSOR_DEFINITIONS = (
					"DEBUG=1",
					"$(inherited)",
				);
				GCC_WARN_64_TO_32_BIT_CONVERSION = YES;
				GCC_WARN_ABOUT_RETURN_TYPE = YES_ERROR;
				GCC_WARN_UNDECLARED_SELECTOR = YES;
				GCC_WARN_UNINITIALIZED_AUTOS = YES_AGGRESSIVE;
				GCC_WARN_UNUSED_FUNCTION = YES;
				GCC_WARN_UNUSED_VARIABLE = YES;
				IPHONEOS_DEPLOYMENT_TARGET = 17.0;
				LOCALIZATION_PREFERS_STRING_CATALOGS = YES;
				MTL_ENABLE_DEBUG_INFO = INCLUDE_SOURCE;
				MTL_FAST_MATH = YES;
				ONLY_ACTIVE_ARCH = YES;
				SDKROOT = iphoneos;
				SWIFT_ACTIVE_COMPILATION_CONDITIONS = "DEBUG $(inherited)";
				SWIFT_OPTIMIZATION_LEVEL = "-Onone";
			};
			name = Debug;
		};
		4419A5C32AEF961300BB5115 /* Release */ = {
			isa = XCBuildConfiguration;
			buildSettings = {
				ALWAYS_SEARCH_USER_PATHS = NO;
				ASSETCATALOG_COMPILER_GENERATE_SWIFT_ASSET_SYMBOL_EXTENSIONS = YES;
				CLANG_ANALYZER_NONNULL = YES;
				CLANG_ANALYZER_NUMBER_OBJECT_CONVERSION = YES_AGGRESSIVE;
				CLANG_CXX_LANGUAGE_STANDARD = "gnu++20";
				CLANG_ENABLE_MODULES = YES;
				CLANG_ENABLE_OBJC_ARC = YES;
				CLANG_ENABLE_OBJC_WEAK = YES;
				CLANG_WARN_BLOCK_CAPTURE_AUTORELEASING = YES;
				CLANG_WARN_BOOL_CONVERSION = YES;
				CLANG_WARN_COMMA = YES;
				CLANG_WARN_CONSTANT_CONVERSION = YES;
				CLANG_WARN_DEPRECATED_OBJC_IMPLEMENTATIONS = YES;
				CLANG_WARN_DIRECT_OBJC_ISA_USAGE = YES_ERROR;
				CLANG_WARN_DOCUMENTATION_COMMENTS = YES;
				CLANG_WARN_EMPTY_BODY = YES;
				CLANG_WARN_ENUM_CONVERSION = YES;
				CLANG_WARN_INFINITE_RECURSION = YES;
				CLANG_WARN_INT_CONVERSION = YES;
				CLANG_WARN_NON_LITERAL_NULL_CONVERSION = YES;
				CLANG_WARN_OBJC_IMPLICIT_RETAIN_SELF = YES;
				CLANG_WARN_OBJC_LITERAL_CONVERSION = YES;
				CLANG_WARN_OBJC_ROOT_CLASS = YES_ERROR;
				CLANG_WARN_QUOTED_INCLUDE_IN_FRAMEWORK_HEADER = YES;
				CLANG_WARN_RANGE_LOOP_ANALYSIS = YES;
				CLANG_WARN_STRICT_PROTOTYPES = YES;
				CLANG_WARN_SUSPICIOUS_MOVE = YES;
				CLANG_WARN_UNGUARDED_AVAILABILITY = YES_AGGRESSIVE;
				CLANG_WARN_UNREACHABLE_CODE = YES;
				CLANG_WARN__DUPLICATE_METHOD_MATCH = YES;
				COPY_PHASE_STRIP = NO;
				DEBUG_INFORMATION_FORMAT = "dwarf-with-dsym";
				ENABLE_NS_ASSERTIONS = NO;
				ENABLE_STRICT_OBJC_MSGSEND = YES;
				ENABLE_USER_SCRIPT_SANDBOXING = YES;
				GCC_C_LANGUAGE_STANDARD = gnu17;
				GCC_NO_COMMON_BLOCKS = YES;
				GCC_WARN_64_TO_32_BIT_CONVERSION = YES;
				GCC_WARN_ABOUT_RETURN_TYPE = YES_ERROR;
				GCC_WARN_UNDECLARED_SELECTOR = YES;
				GCC_WARN_UNINITIALIZED_AUTOS = YES_AGGRESSIVE;
				GCC_WARN_UNUSED_FUNCTION = YES;
				GCC_WARN_UNUSED_VARIABLE = YES;
				IPHONEOS_DEPLOYMENT_TARGET = 17.0;
				LOCALIZATION_PREFERS_STRING_CATALOGS = YES;
				MTL_ENABLE_DEBUG_INFO = NO;
				MTL_FAST_MATH = YES;
				SDKROOT = iphoneos;
				SWIFT_COMPILATION_MODE = wholemodule;
				VALIDATE_PRODUCT = YES;
			};
			name = Release;
		};
		4419A5C52AEF961300BB5115 /* Debug */ = {
			isa = XCBuildConfiguration;
			buildSettings = {
				ASSETCATALOG_COMPILER_APPICON_NAME = AppIcon;
				ASSETCATALOG_COMPILER_GLOBAL_ACCENT_COLOR_NAME = AccentColor;
				CODE_SIGN_STYLE = Automatic;
				CURRENT_PROJECT_VERSION = 1;
				DEVELOPMENT_ASSET_PATHS = "\"Indkob2Go/Preview Content\"";
				DEVELOPMENT_TEAM = TF3KX6TP3E;
				ENABLE_PREVIEWS = YES;
				GENERATE_INFOPLIST_FILE = YES;
				INFOPLIST_KEY_UIApplicationSceneManifest_Generation = YES;
				INFOPLIST_KEY_UIApplicationSupportsIndirectInputEvents = YES;
				INFOPLIST_KEY_UILaunchScreen_Generation = YES;
				INFOPLIST_KEY_UISupportedInterfaceOrientations_iPad = "UIInterfaceOrientationPortrait UIInterfaceOrientationPortraitUpsideDown UIInterfaceOrientationLandscapeLeft UIInterfaceOrientationLandscapeRight";
				INFOPLIST_KEY_UISupportedInterfaceOrientations_iPhone = "UIInterfaceOrientationPortrait UIInterfaceOrientationLandscapeLeft UIInterfaceOrientationLandscapeRight";
				LD_RUNPATH_SEARCH_PATHS = (
					"$(inherited)",
					"@executable_path/Frameworks",
				);
				MARKETING_VERSION = 1.0;
				PRODUCT_BUNDLE_IDENTIFIER = dk.eaaa.dmu.ksd.Indkob2Go;
				PRODUCT_NAME = "$(TARGET_NAME)";
				SWIFT_EMIT_LOC_STRINGS = YES;
				SWIFT_VERSION = 5.0;
				TARGETED_DEVICE_FAMILY = "1,2";
			};
			name = Debug;
		};
		4419A5C62AEF961300BB5115 /* Release */ = {
			isa = XCBuildConfiguration;
			buildSettings = {
				ASSETCATALOG_COMPILER_APPICON_NAME = AppIcon;
				ASSETCATALOG_COMPILER_GLOBAL_ACCENT_COLOR_NAME = AccentColor;
				CODE_SIGN_STYLE = Automatic;
				CURRENT_PROJECT_VERSION = 1;
				DEVELOPMENT_ASSET_PATHS = "\"Indkob2Go/Preview Content\"";
				DEVELOPMENT_TEAM = TF3KX6TP3E;
				ENABLE_PREVIEWS = YES;
				GENERATE_INFOPLIST_FILE = YES;
				INFOPLIST_KEY_UIApplicationSceneManifest_Generation = YES;
				INFOPLIST_KEY_UIApplicationSupportsIndirectInputEvents = YES;
				INFOPLIST_KEY_UILaunchScreen_Generation = YES;
				INFOPLIST_KEY_UISupportedInterfaceOrientations_iPad = "UIInterfaceOrientationPortrait UIInterfaceOrientationPortraitUpsideDown UIInterfaceOrientationLandscapeLeft UIInterfaceOrientationLandscapeRight";
				INFOPLIST_KEY_UISupportedInterfaceOrientations_iPhone = "UIInterfaceOrientationPortrait UIInterfaceOrientationLandscapeLeft UIInterfaceOrientationLandscapeRight";
				LD_RUNPATH_SEARCH_PATHS = (
					"$(inherited)",
					"@executable_path/Frameworks",
				);
				MARKETING_VERSION = 1.0;
				PRODUCT_BUNDLE_IDENTIFIER = dk.eaaa.dmu.ksd.Indkob2Go;
				PRODUCT_NAME = "$(TARGET_NAME)";
				SWIFT_EMIT_LOC_STRINGS = YES;
				SWIFT_VERSION = 5.0;
				TARGETED_DEVICE_FAMILY = "1,2";
			};
			name = Release;
		};
/* End XCBuildConfiguration section */

/* Begin XCConfigurationList section */
		4419A5B12AEF961200BB5115 /* Build configuration list for PBXProject "Indkob2Go" */ = {
			isa = XCConfigurationList;
			buildConfigurations = (
				4419A5C22AEF961300BB5115 /* Debug */,
				4419A5C32AEF961300BB5115 /* Release */,
			);
			defaultConfigurationIsVisible = 0;
			defaultConfigurationName = Release;
		};
		4419A5C42AEF961300BB5115 /* Build configuration list for PBXNativeTarget "Indkob2Go" */ = {
			isa = XCConfigurationList;
			buildConfigurations = (
				4419A5C52AEF961300BB5115 /* Debug */,
				4419A5C62AEF961300BB5115 /* Release */,
			);
			defaultConfigurationIsVisible = 0;
			defaultConfigurationName = Release;
		};
/* End XCConfigurationList section */

/* Begin XCRemoteSwiftPackageReference section */
		4419A5C72AEF986600BB5115 /* XCRemoteSwiftPackageReference "firebase-ios-sdk" */ = {
			isa = XCRemoteSwiftPackageReference;
			repositoryURL = "https://github.com/firebase/firebase-ios-sdk.git";
			requirement = {
				kind = upToNextMajorVersion;
				minimumVersion = 10.16.0;
			};
		};
/* End XCRemoteSwiftPackageReference section */

/* Begin XCSwiftPackageProductDependency section */
		4419A5C82AEF986600BB5115 /* FirebaseAnalytics */ = {
			isa = XCSwiftPackageProductDependency;
			package = 4419A5C72AEF986600BB5115 /* XCRemoteSwiftPackageReference "firebase-ios-sdk" */;
			productName = FirebaseAnalytics;
		};
		4419A5CA2AEF986600BB5115 /* FirebaseAnalyticsOnDeviceConversion */ = {
			isa = XCSwiftPackageProductDependency;
			package = 4419A5C72AEF986600BB5115 /* XCRemoteSwiftPackageReference "firebase-ios-sdk" */;
			productName = FirebaseAnalyticsOnDeviceConversion;
		};
		4419A5CC2AEF986600BB5115 /* FirebaseAnalyticsSwift */ = {
			isa = XCSwiftPackageProductDependency;
			package = 4419A5C72AEF986600BB5115 /* XCRemoteSwiftPackageReference "firebase-ios-sdk" */;
			productName = FirebaseAnalyticsSwift;
		};
		4419A5CE2AEF986600BB5115 /* FirebaseAnalyticsWithoutAdIdSupport */ = {
			isa = XCSwiftPackageProductDependency;
			package = 4419A5C72AEF986600BB5115 /* XCRemoteSwiftPackageReference "firebase-ios-sdk" */;
			productName = FirebaseAnalyticsWithoutAdIdSupport;
		};
		4419A5D02AEF986600BB5115 /* FirebaseAppCheck */ = {
			isa = XCSwiftPackageProductDependency;
			package = 4419A5C72AEF986600BB5115 /* XCRemoteSwiftPackageReference "firebase-ios-sdk" */;
			productName = FirebaseAppCheck;
		};
		4419A5D22AEF986600BB5115 /* FirebaseAppDistribution-Beta */ = {
			isa = XCSwiftPackageProductDependency;
			package = 4419A5C72AEF986600BB5115 /* XCRemoteSwiftPackageReference "firebase-ios-sdk" */;
			productName = "FirebaseAppDistribution-Beta";
		};
		4419A5D42AEF986600BB5115 /* FirebaseAuth */ = {
			isa = XCSwiftPackageProductDependency;
			package = 4419A5C72AEF986600BB5115 /* XCRemoteSwiftPackageReference "firebase-ios-sdk" */;
			productName = FirebaseAuth;
		};
		4419A5D62AEF986600BB5115 /* FirebaseAuthCombine-Community */ = {
			isa = XCSwiftPackageProductDependency;
			package = 4419A5C72AEF986600BB5115 /* XCRemoteSwiftPackageReference "firebase-ios-sdk" */;
			productName = "FirebaseAuthCombine-Community";
		};
		4419A5D82AEF986600BB5115 /* FirebaseCrashlytics */ = {
			isa = XCSwiftPackageProductDependency;
			package = 4419A5C72AEF986600BB5115 /* XCRemoteSwiftPackageReference "firebase-ios-sdk" */;
			productName = FirebaseCrashlytics;
		};
		4419A5DA2AEF986600BB5115 /* FirebaseDatabase */ = {
			isa = XCSwiftPackageProductDependency;
			package = 4419A5C72AEF986600BB5115 /* XCRemoteSwiftPackageReference "firebase-ios-sdk" */;
			productName = FirebaseDatabase;
		};
		4419A5DC2AEF986600BB5115 /* FirebaseDatabaseSwift */ = {
			isa = XCSwiftPackageProductDependency;
			package = 4419A5C72AEF986600BB5115 /* XCRemoteSwiftPackageReference "firebase-ios-sdk" */;
			productName = FirebaseDatabaseSwift;
		};
		4419A5DE2AEF986600BB5115 /* FirebaseDynamicLinks */ = {
			isa = XCSwiftPackageProductDependency;
			package = 4419A5C72AEF986600BB5115 /* XCRemoteSwiftPackageReference "firebase-ios-sdk" */;
			productName = FirebaseDynamicLinks;
		};
		4419A5E02AEF986600BB5115 /* FirebaseFirestore */ = {
			isa = XCSwiftPackageProductDependency;
			package = 4419A5C72AEF986600BB5115 /* XCRemoteSwiftPackageReference "firebase-ios-sdk" */;
			productName = FirebaseFirestore;
		};
		4419A5E22AEF986600BB5115 /* FirebaseFirestoreCombine-Community */ = {
			isa = XCSwiftPackageProductDependency;
			package = 4419A5C72AEF986600BB5115 /* XCRemoteSwiftPackageReference "firebase-ios-sdk" */;
			productName = "FirebaseFirestoreCombine-Community";
		};
		4419A5E42AEF986600BB5115 /* FirebaseFirestoreSwift */ = {
			isa = XCSwiftPackageProductDependency;
			package = 4419A5C72AEF986600BB5115 /* XCRemoteSwiftPackageReference "firebase-ios-sdk" */;
			productName = FirebaseFirestoreSwift;
		};
		4419A5E62AEF986600BB5115 /* FirebaseFunctions */ = {
			isa = XCSwiftPackageProductDependency;
			package = 4419A5C72AEF986600BB5115 /* XCRemoteSwiftPackageReference "firebase-ios-sdk" */;
			productName = FirebaseFunctions;
		};
		4419A5E82AEF986600BB5115 /* FirebaseFunctionsCombine-Community */ = {
			isa = XCSwiftPackageProductDependency;
			package = 4419A5C72AEF986600BB5115 /* XCRemoteSwiftPackageReference "firebase-ios-sdk" */;
			productName = "FirebaseFunctionsCombine-Community";
		};
		4419A5EA2AEF986600BB5115 /* FirebaseInAppMessaging-Beta */ = {
			isa = XCSwiftPackageProductDependency;
			package = 4419A5C72AEF986600BB5115 /* XCRemoteSwiftPackageReference "firebase-ios-sdk" */;
			productName = "FirebaseInAppMessaging-Beta";
		};
		4419A5EC2AEF986600BB5115 /* FirebaseInAppMessagingSwift-Beta */ = {
			isa = XCSwiftPackageProductDependency;
			package = 4419A5C72AEF986600BB5115 /* XCRemoteSwiftPackageReference "firebase-ios-sdk" */;
			productName = "FirebaseInAppMessagingSwift-Beta";
		};
		4419A5EE2AEF986600BB5115 /* FirebaseInstallations */ = {
			isa = XCSwiftPackageProductDependency;
			package = 4419A5C72AEF986600BB5115 /* XCRemoteSwiftPackageReference "firebase-ios-sdk" */;
			productName = FirebaseInstallations;
		};
		4419A5F02AEF986600BB5115 /* FirebaseMLModelDownloader */ = {
			isa = XCSwiftPackageProductDependency;
			package = 4419A5C72AEF986600BB5115 /* XCRemoteSwiftPackageReference "firebase-ios-sdk" */;
			productName = FirebaseMLModelDownloader;
		};
		4419A5F22AEF986600BB5115 /* FirebaseMessaging */ = {
			isa = XCSwiftPackageProductDependency;
			package = 4419A5C72AEF986600BB5115 /* XCRemoteSwiftPackageReference "firebase-ios-sdk" */;
			productName = FirebaseMessaging;
		};
		4419A5F42AEF986600BB5115 /* FirebasePerformance */ = {
			isa = XCSwiftPackageProductDependency;
			package = 4419A5C72AEF986600BB5115 /* XCRemoteSwiftPackageReference "firebase-ios-sdk" */;
			productName = FirebasePerformance;
		};
		4419A5F62AEF986600BB5115 /* FirebaseRemoteConfig */ = {
			isa = XCSwiftPackageProductDependency;
			package = 4419A5C72AEF986600BB5115 /* XCRemoteSwiftPackageReference "firebase-ios-sdk" */;
			productName = FirebaseRemoteConfig;
		};
		4419A5F82AEF986600BB5115 /* FirebaseRemoteConfigSwift */ = {
			isa = XCSwiftPackageProductDependency;
			package = 4419A5C72AEF986600BB5115 /* XCRemoteSwiftPackageReference "firebase-ios-sdk" */;
			productName = FirebaseRemoteConfigSwift;
		};
		4419A5FA2AEF986600BB5115 /* FirebaseStorage */ = {
			isa = XCSwiftPackageProductDependency;
			package = 4419A5C72AEF986600BB5115 /* XCRemoteSwiftPackageReference "firebase-ios-sdk" */;
			productName = FirebaseStorage;
		};
		4419A5FC2AEF986600BB5115 /* FirebaseStorageCombine-Community */ = {
			isa = XCSwiftPackageProductDependency;
			package = 4419A5C72AEF986600BB5115 /* XCRemoteSwiftPackageReference "firebase-ios-sdk" */;
			productName = "FirebaseStorageCombine-Community";
		};
/* End XCSwiftPackageProductDependency section */
	};
	rootObject = 4419A5AE2AEF961200BB5115 /* Project object */;
}
